
Microsoft Visual Studio Solution File, Format Version 12.00
# Visual Studio Version 17
VisualStudioVersion = 17.8.34322.80
MinimumVisualStudioVersion = 10.0.40219.1
Project("{9A19103F-16F7-4668-BE54-9A1E7A4F7556}") = "Crumpled.RobotsTxt", "src\Crumpled.RobotsTxt\Crumpled.RobotsTxt.csproj", "{B2C9B9C5-9DE8-413D-A9AC-648DAFA07C7F}"
EndProject
Project("{9A19103F-16F7-4668-BE54-9A1E7A4F7556}") = "Crumpled.RobotsTxt.TestSite", "src\Crumpled.RobotsTxt.TestSite\Crumpled.RobotsTxt.TestSite.csproj", "{A2CBCC12-6DE0-4857-B2CB-13B3257C1F44}"
EndProject
Project("{2150E333-8FDC-42A3-9474-1A3956D46DE8}") = "Build", "Build", "{427DE92C-7F67-41D7-AD9F-282949123EE9}"
	ProjectSection(SolutionItems) = preProject
		.github\workflows\main.yml = .github\workflows\main.yml
	EndProjectSection
EndProject
Project("{2150E333-8FDC-42A3-9474-1A3956D46DE8}") = "Docs", "Docs", "{7CA64461-C0AF-4155-85B2-36A684B83E7A}"
	ProjectSection(SolutionItems) = preProject
		README.md = README.md
	EndProjectSection
EndProject
Global
	GlobalSection(SolutionConfigurationPlatforms) = preSolution
		Debug|Any CPU = Debug|Any CPU
		Release|Any CPU = Release|Any CPU
	EndGlobalSection
	GlobalSection(ProjectConfigurationPlatforms) = postSolution
		{B2C9B9C5-9DE8-413D-A9AC-648DAFA07C7F}.Debug|Any CPU.ActiveCfg = Debug|Any CPU
		{B2C9B9C5-9DE8-413D-A9AC-648DAFA07C7F}.Debug|Any CPU.Build.0 = Debug|Any CPU
		{B2C9B9C5-9DE8-413D-A9AC-648DAFA07C7F}.Release|Any CPU.ActiveCfg = Release|Any CPU
		{B2C9B9C5-9DE8-413D-A9AC-648DAFA07C7F}.Release|Any CPU.Build.0 = Release|Any CPU
		{A2CBCC12-6DE0-4857-B2CB-13B3257C1F44}.Debug|Any CPU.ActiveCfg = Debug|Any CPU
		{A2CBCC12-6DE0-4857-B2CB-13B3257C1F44}.Debug|Any CPU.Build.0 = Debug|Any CPU
		{A2CBCC12-6DE0-4857-B2CB-13B3257C1F44}.Release|Any CPU.ActiveCfg = Release|Any CPU
		{A2CBCC12-6DE0-4857-B2CB-13B3257C1F44}.Release|Any CPU.Build.0 = Release|Any CPU
	EndGlobalSection
	GlobalSection(SolutionProperties) = preSolution
		HideSolutionNode = FALSE
	EndGlobalSection
	GlobalSection(ExtensibilityGlobals) = postSolution
		SolutionGuid = {0A9A2479-BB5A-4CD2-8676-C8E24D368044}
	EndGlobalSection
EndGlobal
